<?xml version="1.0" encoding="utf-8"?>
<Project ToolsVersion="4.0" xmlns="http://schemas.microsoft.com/developer/msbuild/2003">
  <ItemGroup>
    <Filter Include="Default">
      <UniqueIdentifier>{23052d5d-095e-429c-b17a-0bfebe0d328a}</UniqueIdentifier>
    </Filter>
    <Filter Include="GameLevels">
      <UniqueIdentifier>{cb626bd2-f751-4dd9-ba20-f9401eb1fe3b}</UniqueIdentifier>
    </Filter>
    <Filter Include="GameLevels\Title">
      <UniqueIdentifier>{8bdb88c7-e9af-4225-82dc-22f824e58cbc}</UniqueIdentifier>
    </Filter>
    <Filter Include="GameLevels\Test">
      <UniqueIdentifier>{3ed53835-7aca-415e-8b5a-46928b4bf166}</UniqueIdentifier>
    </Filter>
  </ItemGroup>
  <ItemGroup>
    <ClInclude Include="targetver.h">
      <Filter>Default</Filter>
    </ClInclude>
    <ClInclude Include="framework.h">
      <Filter>Default</Filter>
    </ClInclude>
    <ClInclude Include="Game.h">
      <Filter>Default</Filter>
    </ClInclude>
    <ClInclude Include="pch.h">
      <Filter>Default</Filter>
    </ClInclude>
    <ClInclude Include="Resource.h">
      <Filter>Default</Filter>
    </ClInclude>
    <ClInclude Include="DTestLevel.h">
      <Filter>GameLevels\Test</Filter>
    </ClInclude>
  </ItemGroup>
  <ItemGroup>
    <ClCompile Include="pch.cpp">
      <Filter>Default</Filter>
    </ClCompile>
    <ClCompile Include="Game.cpp" />
    <ClCompile Include="DTestLevel.cpp">
      <Filter>GameLevels\Test</Filter>
    </ClCompile>
  </ItemGroup>
  <ItemGroup>
    <Image Include="small.ico">
      <Filter>Default</Filter>
    </Image>
    <Image Include="Game.ico">
      <Filter>Default</Filter>
    </Image>
  </ItemGroup>
  <ItemGroup>
    <ResourceCompile Include="Game.rc">
      <Filter>Default</Filter>
    </ResourceCompile>
  </ItemGroup>
</Project>